
Microsoft Visual Studio Solution File, Format Version 12.00
# Visual Studio Version 16
VisualStudioVersion = 16.0.32228.343
MinimumVisualStudioVersion = 10.0.40219.1
Project("{FAE04EC0-301F-11D3-BF4B-00C04F79EFBC}") = "BoardF", "BoardF\BoardF.csproj", "{60A5204B-E7E5-4E4E-815A-32374BC192DE}"
EndProject
Project("{FAE04EC0-301F-11D3-BF4B-00C04F79EFBC}") = "BoardFTests", "BoardFTests\BoardFTests.csproj", "{DBE29F4E-BC77-4514-A7DE-E2611399735C}"
EndProject
Project("{FAE04EC0-301F-11D3-BF4B-00C04F79EFBC}") = "WindowsFormF15", "WindowsFormF15\WindowsFormF15.csproj", "{49143905-09A2-4BDF-91DD-E712A5B70769}"
EndProject
Global
	GlobalSection(SolutionConfigurationPlatforms) = preSolution
		Debug|Any CPU = Debug|Any CPU
		Release|Any CPU = Release|Any CPU
	EndGlobalSection
	GlobalSection(ProjectConfigurationPlatforms) = postSolution
		{60A5204B-E7E5-4E4E-815A-32374BC192DE}.Debug|Any CPU.ActiveCfg = Debug|Any CPU
		{60A5204B-E7E5-4E4E-815A-32374BC192DE}.Debug|Any CPU.Build.0 = Debug|Any CPU
		{60A5204B-E7E5-4E4E-815A-32374BC192DE}.Release|Any CPU.ActiveCfg = Release|Any CPU
		{60A5204B-E7E5-4E4E-815A-32374BC192DE}.Release|Any CPU.Build.0 = Release|Any CPU
		{DBE29F4E-BC77-4514-A7DE-E2611399735C}.Debug|Any CPU.ActiveCfg = Debug|Any CPU
		{DBE29F4E-BC77-4514-A7DE-E2611399735C}.Debug|Any CPU.Build.0 = Debug|Any CPU
		{DBE29F4E-BC77-4514-A7DE-E2611399735C}.Release|Any CPU.ActiveCfg = Release|Any CPU
		{DBE29F4E-BC77-4514-A7DE-E2611399735C}.Release|Any CPU.Build.0 = Release|Any CPU
		{49143905-09A2-4BDF-91DD-E712A5B70769}.Debug|Any CPU.ActiveCfg = Debug|Any CPU
		{49143905-09A2-4BDF-91DD-E712A5B70769}.Debug|Any CPU.Build.0 = Debug|Any CPU
		{49143905-09A2-4BDF-91DD-E712A5B70769}.Release|Any CPU.ActiveCfg = Release|Any CPU
		{49143905-09A2-4BDF-91DD-E712A5B70769}.Release|Any CPU.Build.0 = Release|Any CPU
	EndGlobalSection
	GlobalSection(SolutionProperties) = preSolution
		HideSolutionNode = FALSE
	EndGlobalSection
	GlobalSection(ExtensibilityGlobals) = postSolution
		SolutionGuid = {F6B88E16-2B67-4F16-B77A-5716F98D2EFD}
	EndGlobalSection
EndGlobal
